
Microsoft Visual Studio Solution File, Format Version 12.00
# Visual Studio 15
VisualStudioVersion = 15.0.28010.2046
MinimumVisualStudioVersion = 10.0.40219.1
Project("{FAE04EC0-301F-11D3-BF4B-00C04F79EFBC}") = "Lab 21", "Lab 21\Lab 21.csproj", "{F65B49F3-54F1-4F79-AB66-CDBA81D638AB}"
EndProject
Global
	GlobalSection(SolutionConfigurationPlatforms) = preSolution
		Debug|Any CPU = Debug|Any CPU
		Release|Any CPU = Release|Any CPU
	EndGlobalSection
	GlobalSection(ProjectConfigurationPlatforms) = postSolution
		{F65B49F3-54F1-4F79-AB66-CDBA81D638AB}.Debug|Any CPU.ActiveCfg = Debug|Any CPU
		{F65B49F3-54F1-4F79-AB66-CDBA81D638AB}.Debug|Any CPU.Build.0 = Debug|Any CPU
		{F65B49F3-54F1-4F79-AB66-CDBA81D638AB}.Release|Any CPU.ActiveCfg = Release|Any CPU
		{F65B49F3-54F1-4F79-AB66-CDBA81D638AB}.Release|Any CPU.Build.0 = Release|Any CPU
	EndGlobalSection
	GlobalSection(SolutionProperties) = preSolution
		HideSolutionNode = FALSE
	EndGlobalSection
	GlobalSection(ExtensibilityGlobals) = postSolution
		SolutionGuid = {5848AF7E-C2A3-4F24-9BCF-F8EBD8586585}
	EndGlobalSection
EndGlobal
